
Microsoft Visual Studio Solution File, Format Version 12.00
# Visual Studio Version 17
VisualStudioVersion = 17.13.35919.96
MinimumVisualStudioVersion = 10.0.40219.1
Project("{FAE04EC0-301F-11D3-BF4B-00C04F79EFBC}") = "DocuSyncShared", "DocuSyncShared\DocuSyncShared.csproj", "{F554A16A-1FEA-44DF-ADE8-1704A2BF26C1}"
EndProject
Project("{FAE04EC0-301F-11D3-BF4B-00C04F79EFBC}") = "DocuSyncWatchDog", "DocuSyncWatchDog\DocuSyncWatchDog.csproj", "{B2370B78-AF68-4802-81FB-ADC27C3E9B28}"
	ProjectSection(ProjectDependencies) = postProject
		{283C1771-FD21-4707-8FBB-C11048DB9CF4} = {283C1771-FD21-4707-8FBB-C11048DB9CF4}
	EndProjectSection
EndProject
Project("{FAE04EC0-301F-11D3-BF4B-00C04F79EFBC}") = "DocuSync", "DocuSync\DocuSync.csproj", "{283C1771-FD21-4707-8FBB-C11048DB9CF4}"
EndProject
Global
	GlobalSection(SolutionConfigurationPlatforms) = preSolution
		Debug|Any CPU = Debug|Any CPU
		Release|Any CPU = Release|Any CPU
	EndGlobalSection
	GlobalSection(ProjectConfigurationPlatforms) = postSolution
		{F554A16A-1FEA-44DF-ADE8-1704A2BF26C1}.Debug|Any CPU.ActiveCfg = Debug|Any CPU
		{F554A16A-1FEA-44DF-ADE8-1704A2BF26C1}.Debug|Any CPU.Build.0 = Debug|Any CPU
		{F554A16A-1FEA-44DF-ADE8-1704A2BF26C1}.Release|Any CPU.ActiveCfg = Release|Any CPU
		{F554A16A-1FEA-44DF-ADE8-1704A2BF26C1}.Release|Any CPU.Build.0 = Release|Any CPU
		{B2370B78-AF68-4802-81FB-ADC27C3E9B28}.Debug|Any CPU.ActiveCfg = Debug|Any CPU
		{B2370B78-AF68-4802-81FB-ADC27C3E9B28}.Debug|Any CPU.Build.0 = Debug|Any CPU
		{B2370B78-AF68-4802-81FB-ADC27C3E9B28}.Release|Any CPU.ActiveCfg = Release|Any CPU
		{B2370B78-AF68-4802-81FB-ADC27C3E9B28}.Release|Any CPU.Build.0 = Release|Any CPU
		{283C1771-FD21-4707-8FBB-C11048DB9CF4}.Debug|Any CPU.ActiveCfg = Debug|Any CPU
		{283C1771-FD21-4707-8FBB-C11048DB9CF4}.Debug|Any CPU.Build.0 = Debug|Any CPU
		{283C1771-FD21-4707-8FBB-C11048DB9CF4}.Release|Any CPU.ActiveCfg = Release|Any CPU
		{283C1771-FD21-4707-8FBB-C11048DB9CF4}.Release|Any CPU.Build.0 = Release|Any CPU
	EndGlobalSection
	GlobalSection(SolutionProperties) = preSolution
		HideSolutionNode = FALSE
	EndGlobalSection
	GlobalSection(ExtensibilityGlobals) = postSolution
		SolutionGuid = {20F3340D-4F7D-465A-88A1-28CF209538DE}
	EndGlobalSection
EndGlobal
